
Microsoft Visual Studio Solution File, Format Version 12.00
# Visual Studio Version 17
VisualStudioVersion = 17.1.31903.286
MinimumVisualStudioVersion = 10.0.40219.1
Project("{FAE04EC0-301F-11D3-BF4B-00C04F79EFBC}") = "Weather", "Weather\Weather.csproj", "{F93CFBFC-3EC7-4044-AFA1-0D03287B8EBA}"
EndProject
Global
	GlobalSection(SolutionConfigurationPlatforms) = preSolution
		Debug|Any CPU = Debug|Any CPU
		Release|Any CPU = Release|Any CPU
	EndGlobalSection
	GlobalSection(ProjectConfigurationPlatforms) = postSolution
		{F93CFBFC-3EC7-4044-AFA1-0D03287B8EBA}.Debug|Any CPU.ActiveCfg = Debug|Any CPU
		{F93CFBFC-3EC7-4044-AFA1-0D03287B8EBA}.Debug|Any CPU.Build.0 = Debug|Any CPU
		{F93CFBFC-3EC7-4044-AFA1-0D03287B8EBA}.Release|Any CPU.ActiveCfg = Release|Any CPU
		{F93CFBFC-3EC7-4044-AFA1-0D03287B8EBA}.Release|Any CPU.Build.0 = Release|Any CPU
	EndGlobalSection
	GlobalSection(SolutionProperties) = preSolution
		HideSolutionNode = FALSE
	EndGlobalSection
	GlobalSection(ExtensibilityGlobals) = postSolution
		SolutionGuid = {9D7FE4CA-72E0-4426-9D4F-128E8FB533D1}
	EndGlobalSection
EndGlobal
